Microsoft Visual Studio Solution File, Format Version 12.00
# Visual Studio Version 18
VisualStudioVersion = 18.11.12217.175 insiders
MinimumVisualStudioVersion = 10.0.40219.1
Project("{FAE04EC0-301F-11D3-BF4B-00C04F79EFBC}") = "TabFoot.Api", "src\TabFoot.Api\TabFoot.Api.csproj", "{88C3F062-280D-4BAE-A422-5713E92C26EF}"
EndProject
Global
	GlobalSection(SolutionConfigurationPlatforms) = preSolution
		Debug|Any CPU = Debug|Any CPU
		Release|Any CPU = Release|Any CPU
	EndGlobalSection
	GlobalSection(ProjectConfigurationPlatforms) = postSolution
		{88C3F062-280D-4BAE-A422-5713E92C26EF}.Debug|Any CPU.ActiveCfg = Debug|Any CPU
		{88C3F062-280D-4BAE-A422-5713E92C26EF}.Debug|Any CPU.Build.0 = Debug|Any CPU
		{88C3F062-280D-4BAE-A422-5713E92C26EF}.Release|Any CPU.ActiveCfg = Release|Any CPU
		{88C3F062-280D-4BAE-A422-5713E92C26EF}.Release|Any CPU.Build.0 = Release|Any CPU
	EndGlobalSection
	GlobalSection(SolutionProperties) = preSolution
		HideSolutionNode = FALSE
	EndGlobalSection
	GlobalSection(ExtensibilityGlobals) = postSolution
		SolutionGuid = 8ac99636-0a39-4aea-9b29-1454b99be904
	EndGlobalSection
EndGlobal
